
Microsoft Visual Studio Solution File, Format Version 12.00
# Visual Studio Version 17
VisualStudioVersion = 17.12.35527.113 d17.12
MinimumVisualStudioVersion = 10.0.40219.1
Project("{FAE04EC0-301F-11D3-BF4B-00C04F79EFBC}") = "TechnicalIssueHandler.MVC", "TechnicalIssueHandler.MVC.csproj", "{7E093757-9C8F-4E54-B6B4-5F955C1A8C5C}"
EndProject
Project("{FAE04EC0-301F-11D3-BF4B-00C04F79EFBC}") = "TechnicalIssueHandler.BL", "..\TechnicalIssueHandler.BL\TechnicalIssueHandler.BL.csproj", "{7229F074-178A-49E1-84C8-EB7AE1D15D12}"
EndProject
Project("{FAE04EC0-301F-11D3-BF4B-00C04F79EFBC}") = "TechnicalIssueHandler.DAL", "..\TechnicalIssueHandler.DAL\TechnicalIssueHandler.DAL.csproj", "{01FE884E-1BE0-4611-B653-C2CAA9F277E6}"
EndProject
Project("{FAE04EC0-301F-11D3-BF4B-00C04F79EFBC}") = "TechnicalIssueHandler.Core", "..\TechnicalIssueHandler.Core\TechnicalIssueHandler.Core.csproj", "{8534F7A3-DB6A-45E4-9CEB-D417A02F78B9}"
EndProject
Global
	GlobalSection(SolutionConfigurationPlatforms) = preSolution
		Debug|Any CPU = Debug|Any CPU
		Release|Any CPU = Release|Any CPU
	EndGlobalSection
	GlobalSection(ProjectConfigurationPlatforms) = postSolution
		{7E093757-9C8F-4E54-B6B4-5F955C1A8C5C}.Debug|Any CPU.ActiveCfg = Debug|Any CPU
		{7E093757-9C8F-4E54-B6B4-5F955C1A8C5C}.Debug|Any CPU.Build.0 = Debug|Any CPU
		{7E093757-9C8F-4E54-B6B4-5F955C1A8C5C}.Release|Any CPU.ActiveCfg = Release|Any CPU
		{7E093757-9C8F-4E54-B6B4-5F955C1A8C5C}.Release|Any CPU.Build.0 = Release|Any CPU
		{7229F074-178A-49E1-84C8-EB7AE1D15D12}.Debug|Any CPU.ActiveCfg = Debug|Any CPU
		{7229F074-178A-49E1-84C8-EB7AE1D15D12}.Debug|Any CPU.Build.0 = Debug|Any CPU
		{7229F074-178A-49E1-84C8-EB7AE1D15D12}.Release|Any CPU.ActiveCfg = Release|Any CPU
		{7229F074-178A-49E1-84C8-EB7AE1D15D12}.Release|Any CPU.Build.0 = Release|Any CPU
		{01FE884E-1BE0-4611-B653-C2CAA9F277E6}.Debug|Any CPU.ActiveCfg = Debug|Any CPU
		{01FE884E-1BE0-4611-B653-C2CAA9F277E6}.Debug|Any CPU.Build.0 = Debug|Any CPU
		{01FE884E-1BE0-4611-B653-C2CAA9F277E6}.Release|Any CPU.ActiveCfg = Release|Any CPU
		{01FE884E-1BE0-4611-B653-C2CAA9F277E6}.Release|Any CPU.Build.0 = Release|Any CPU
		{8534F7A3-DB6A-45E4-9CEB-D417A02F78B9}.Debug|Any CPU.ActiveCfg = Debug|Any CPU
		{8534F7A3-DB6A-45E4-9CEB-D417A02F78B9}.Debug|Any CPU.Build.0 = Debug|Any CPU
		{8534F7A3-DB6A-45E4-9CEB-D417A02F78B9}.Release|Any CPU.ActiveCfg = Release|Any CPU
		{8534F7A3-DB6A-45E4-9CEB-D417A02F78B9}.Release|Any CPU.Build.0 = Release|Any CPU
	EndGlobalSection
	GlobalSection(SolutionProperties) = preSolution
		HideSolutionNode = FALSE
	EndGlobalSection
EndGlobal
